// !$*UTF8*$!
{
	archiveVersion = 1;
	classes = {
	};
	objectVersion = 50;
	objects = {

/* Begin PBXBuildFile section */
		2CB6A8782666401C00E70C76 /* AppDelegate.swift in Sources */ = {isa = PBXBuildFile; fileRef = 2CB6A8772666401C00E70C76 /* AppDelegate.swift */; };
		2CB6A8812666402200E70C76 /* Assets.xcassets in Resources */ = {isa = PBXBuildFile; fileRef = 2CB6A8802666402200E70C76 /* Assets.xcassets */; };
		2CB6A8842666402200E70C76 /* LaunchScreen.storyboard in Resources */ = {isa = PBXBuildFile; fileRef = 2CB6A8822666402200E70C76 /* LaunchScreen.storyboard */; };
		2CB6A88D266645BD00E70C76 /* DataTaskService.swift in Sources */ = {isa = PBXBuildFile; fileRef = 2CB6A88C266645BD00E70C76 /* DataTaskService.swift */; };
		2CB6A88F26664A6600E70C76 /* RequestService.swift in Sources */ = {isa = PBXBuildFile; fileRef = 2CB6A88E26664A6600E70C76 /* RequestService.swift */; };
		2CB6A89226664D5500E70C76 /* DatabaseManager.swift in Sources */ = {isa = PBXBuildFile; fileRef = 2CB6A89126664D5500E70C76 /* DatabaseManager.swift */; };
		2CB6A89526664E4900E70C76 /* Post.swift in Sources */ = {isa = PBXBuildFile; fileRef = 2CB6A89426664E4800E70C76 /* Post.swift */; };
		2CB6A898266653CB00E70C76 /* PostsListViewController.swift in Sources */ = {isa = PBXBuildFile; fileRef = 2CB6A897266653CB00E70C76 /* PostsListViewController.swift */; };
		2CB6A89A266653E000E70C76 /* PostsListViewModel.swift in Sources */ = {isa = PBXBuildFile; fileRef = 2CB6A899266653E000E70C76 /* PostsListViewModel.swift */; };
		2CB6A89C2666555A00E70C76 /* PostsListView.swift in Sources */ = {isa = PBXBuildFile; fileRef = 2CB6A89B2666555A00E70C76 /* PostsListView.swift */; };
		2CB6A89F266663A400E70C76 /* PostsListCell.swift in Sources */ = {isa = PBXBuildFile; fileRef = 2CB6A89E266663A400E70C76 /* PostsListCell.swift */; };
		2CB6A8A1266663CD00E70C76 /* PostsListCellViewModel.swift in Sources */ = {isa = PBXBuildFile; fileRef = 2CB6A8A0266663CD00E70C76 /* PostsListCellViewModel.swift */; };
		2CB6A8A42666671100E70C76 /* UITableView+Extension.swift in Sources */ = {isa = PBXBuildFile; fileRef = 2CB6A8A32666671100E70C76 /* UITableView+Extension.swift */; };
		2CB6A8A62666677300E70C76 /* UIView+Extension.swift in Sources */ = {isa = PBXBuildFile; fileRef = 2CB6A8A52666677300E70C76 /* UIView+Extension.swift */; };
		2CB6A8A92666771700E70C76 /* DetailPostViewController.swift in Sources */ = {isa = PBXBuildFile; fileRef = 2CB6A8A82666771700E70C76 /* DetailPostViewController.swift */; };
		2CB6A8AB2666772600E70C76 /* DetailPostViewModel.swift in Sources */ = {isa = PBXBuildFile; fileRef = 2CB6A8AA2666772600E70C76 /* DetailPostViewModel.swift */; };
/* End PBXBuildFile section */

/* Begin PBXFileReference section */
		2CB6A8742666401C00E70C76 /* DatabaseTestTask.app */ = {isa = PBXFileReference; explicitFileType = wrapper.application; includeInIndex = 0; path = DatabaseTestTask.app; sourceTree = BUILT_PRODUCTS_DIR; };
		2CB6A8772666401C00E70C76 /* AppDelegate.swift */ = {isa = PBXFileReference; lastKnownFileType = sourcecode.swift; path = AppDelegate.swift; sourceTree = "<group>"; };
		2CB6A8802666402200E70C76 /* Assets.xcassets */ = {isa = PBXFileReference; lastKnownFileType = folder.assetcatalog; path = Assets.xcassets; sourceTree = "<group>"; };
		2CB6A8832666402200E70C76 /* Base */ = {isa = PBXFileReference; lastKnownFileType = file.storyboard; name = Base; path = Base.lproj/LaunchScreen.storyboard; sourceTree = "<group>"; };
		2CB6A8852666402200E70C76 /* Info.plist */ = {isa = PBXFileReference; lastKnownFileType = text.plist.xml; path = Info.plist; sourceTree = "<group>"; };
		2CB6A88C266645BD00E70C76 /* DataTaskService.swift */ = {isa = PBXFileReference; lastKnownFileType = sourcecode.swift; path = DataTaskService.swift; sourceTree = "<group>"; };
		2CB6A88E26664A6600E70C76 /* RequestService.swift */ = {isa = PBXFileReference; lastKnownFileType = sourcecode.swift; path = RequestService.swift; sourceTree = "<group>"; };
		2CB6A89126664D5500E70C76 /* DatabaseManager.swift */ = {isa = PBXFileReference; lastKnownFileType = sourcecode.swift; path = DatabaseManager.swift; sourceTree = "<group>"; };
		2CB6A89426664E4800E70C76 /* Post.swift */ = {isa = PBXFileReference; lastKnownFileType = sourcecode.swift; path = Post.swift; sourceTree = "<group>"; };
		2CB6A897266653CB00E70C76 /* PostsListViewController.swift */ = {isa = PBXFileReference; lastKnownFileType = sourcecode.swift; path = PostsListViewController.swift; sourceTree = "<group>"; };
		2CB6A899266653E000E70C76 /* PostsListViewModel.swift */ = {isa = PBXFileReference; lastKnownFileType = sourcecode.swift; path = PostsListViewModel.swift; sourceTree = "<group>"; };
		2CB6A89B2666555A00E70C76 /* PostsListView.swift */ = {isa = PBXFileReference; lastKnownFileType = sourcecode.swift; path = PostsListView.swift; sourceTree = "<group>"; };
		2CB6A89E266663A400E70C76 /* PostsListCell.swift */ = {isa = PBXFileReference; lastKnownFileType = sourcecode.swift; path = PostsListCell.swift; sourceTree = "<group>"; };
		2CB6A8A0266663CD00E70C76 /* PostsListCellViewModel.swift */ = {isa = PBXFileReference; lastKnownFileType = sourcecode.swift; path = PostsListCellViewModel.swift; sourceTree = "<group>"; };
		2CB6A8A32666671100E70C76 /* UITableView+Extension.swift */ = {isa = PBXFileReference; lastKnownFileType = sourcecode.swift; path = "UITableView+Extension.swift"; sourceTree = "<group>"; };
		2CB6A8A52666677300E70C76 /* UIView+Extension.swift */ = {isa = PBXFileReference; lastKnownFileType = sourcecode.swift; path = "UIView+Extension.swift"; sourceTree = "<group>"; };
		2CB6A8A82666771700E70C76 /* DetailPostViewController.swift */ = {isa = PBXFileReference; lastKnownFileType = sourcecode.swift; path = DetailPostViewController.swift; sourceTree = "<group>"; };
		2CB6A8AA2666772600E70C76 /* DetailPostViewModel.swift */ = {isa = PBXFileReference; lastKnownFileType = sourcecode.swift; path = DetailPostViewModel.swift; sourceTree = "<group>"; };
/* End PBXFileReference section */

/* Begin PBXFrameworksBuildPhase section */
		2CB6A8712666401C00E70C76 /* Frameworks */ = {
			isa = PBXFrameworksBuildPhase;
			buildActionMask = 2147483647;
			files = (
			);
			runOnlyForDeploymentPostprocessing = 0;
		};
/* End PBXFrameworksBuildPhase section */

/* Begin PBXGroup section */
		2CB6A86B2666401C00E70C76 = {
			isa = PBXGroup;
			children = (
				2CB6A8762666401C00E70C76 /* DatabaseTestTask */,
				2CB6A8752666401C00E70C76 /* Products */,
			);
			sourceTree = "<group>";
		};
		2CB6A8752666401C00E70C76 /* Products */ = {
			isa = PBXGroup;
			children = (
				2CB6A8742666401C00E70C76 /* DatabaseTestTask.app */,
			);
			name = Products;
			sourceTree = "<group>";
		};
		2CB6A8762666401C00E70C76 /* DatabaseTestTask */ = {
			isa = PBXGroup;
			children = (
				2CB6A8772666401C00E70C76 /* AppDelegate.swift */,
				2CB6A8962666538F00E70C76 /* PostsList */,
				2CB6A8A7266676E800E70C76 /* DetailPost */,
				2CB6A89026664D3600E70C76 /* Managers */,
				2CB6A88B2666457A00E70C76 /* Networking */,
				2CB6A8A2266666FD00E70C76 /* Extensions */,
				2CB6A8802666402200E70C76 /* Assets.xcassets */,
				2CB6A8822666402200E70C76 /* LaunchScreen.storyboard */,
				2CB6A8852666402200E70C76 /* Info.plist */,
			);
			path = DatabaseTestTask;
			sourceTree = "<group>";
		};
		2CB6A88B2666457A00E70C76 /* Networking */ = {
			isa = PBXGroup;
			children = (
				2CB6A88C266645BD00E70C76 /* DataTaskService.swift */,
				2CB6A88E26664A6600E70C76 /* RequestService.swift */,
				2CB6A89326664DD500E70C76 /* Model */,
			);
			path = Networking;
			sourceTree = "<group>";
		};
		2CB6A89026664D3600E70C76 /* Managers */ = {
			isa = PBXGroup;
			children = (
				2CB6A89126664D5500E70C76 /* DatabaseManager.swift */,
			);
			path = Managers;
			sourceTree = "<group>";
		};
		2CB6A89326664DD500E70C76 /* Model */ = {
			isa = PBXGroup;
			children = (
				2CB6A89426664E4800E70C76 /* Post.swift */,
			);
			path = Model;
			sourceTree = "<group>";
		};
		2CB6A8962666538F00E70C76 /* PostsList */ = {
			isa = PBXGroup;
			children = (
				2CB6A897266653CB00E70C76 /* PostsListViewController.swift */,
				2CB6A89B2666555A00E70C76 /* PostsListView.swift */,
				2CB6A899266653E000E70C76 /* PostsListViewModel.swift */,
				2CB6A89D2666637B00E70C76 /* Cell */,
			);
			path = PostsList;
			sourceTree = "<group>";
		};
		2CB6A89D2666637B00E70C76 /* Cell */ = {
			isa = PBXGroup;
			children = (
				2CB6A89E266663A400E70C76 /* PostsListCell.swift */,
				2CB6A8A0266663CD00E70C76 /* PostsListCellViewModel.swift */,
			);
			path = Cell;
			sourceTree = "<group>";
		};
		2CB6A8A2266666FD00E70C76 /* Extensions */ = {
			isa = PBXGroup;
			children = (
				2CB6A8A32666671100E70C76 /* UITableView+Extension.swift */,
				2CB6A8A52666677300E70C76 /* UIView+Extension.swift */,
			);
			path = Extensions;
			sourceTree = "<group>";
		};
		2CB6A8A7266676E800E70C76 /* DetailPost */ = {
			isa = PBXGroup;
			children = (
				2CB6A8A82666771700E70C76 /* DetailPostViewController.swift */,
				2CB6A8AA2666772600E70C76 /* DetailPostViewModel.swift */,
			);
			path = DetailPost;
			sourceTree = "<group>";
		};
/* End PBXGroup section */

/* Begin PBXNativeTarget section */
		2CB6A8732666401C00E70C76 /* DatabaseTestTask */ = {
			isa = PBXNativeTarget;
			buildConfigurationList = 2CB6A8882666402200E70C76 /* Build configuration list for PBXNativeTarget "DatabaseTestTask" */;
			buildPhases = (
				2CB6A8702666401C00E70C76 /* Sources */,
				2CB6A8712666401C00E70C76 /* Frameworks */,
				2CB6A8722666401C00E70C76 /* Resources */,
			);
			buildRules = (
			);
			dependencies = (
			);
			name = DatabaseTestTask;
			productName = DatabaseTestTask;
			productReference = 2CB6A8742666401C00E70C76 /* DatabaseTestTask.app */;
			productType = "com.apple.product-type.application";
		};
/* End PBXNativeTarget section */

/* Begin PBXProject section */
		2CB6A86C2666401C00E70C76 /* Project object */ = {
			isa = PBXProject;
			attributes = {
				LastSwiftUpdateCheck = 1250;
				LastUpgradeCheck = 1250;
				TargetAttributes = {
					2CB6A8732666401C00E70C76 = {
						CreatedOnToolsVersion = 12.5;
					};
				};
			};
			buildConfigurationList = 2CB6A86F2666401C00E70C76 /* Build configuration list for PBXProject "DatabaseTestTask" */;
			compatibilityVersion = "Xcode 9.3";
			developmentRegion = en;
			hasScannedForEncodings = 0;
			knownRegions = (
				en,
				Base,
			);
			mainGroup = 2CB6A86B2666401C00E70C76;
			productRefGroup = 2CB6A8752666401C00E70C76 /* Products */;
			projectDirPath = "";
			projectRoot = "";
			targets = (
				2CB6A8732666401C00E70C76 /* DatabaseTestTask */,
			);
		};
/* End PBXProject section */

/* Begin PBXResourcesBuildPhase section */
		2CB6A8722666401C00E70C76 /* Resources */ = {
			isa = PBXResourcesBuildPhase;
			buildActionMask = 2147483647;
			files = (
				2CB6A8842666402200E70C76 /* LaunchScreen.storyboard in Resources */,
				2CB6A8812666402200E70C76 /* Assets.xcassets in Resources */,
			);
			runOnlyForDeploymentPostprocessing = 0;
		};
/* End PBXResourcesBuildPhase section */

/* Begin PBXSourcesBuildPhase section */
		2CB6A8702666401C00E70C76 /* Sources */ = {
			isa = PBXSourcesBuildPhase;
			buildActionMask = 2147483647;
			files = (
				2CB6A8A42666671100E70C76 /* UITableView+Extension.swift in Sources */,
				2CB6A88F26664A6600E70C76 /* RequestService.swift in Sources */,
				2CB6A89F266663A400E70C76 /* PostsListCell.swift in Sources */,
				2CB6A8A1266663CD00E70C76 /* PostsListCellViewModel.swift in Sources */,
				2CB6A89C2666555A00E70C76 /* PostsListView.swift in Sources */,
				2CB6A8AB2666772600E70C76 /* DetailPostViewModel.swift in Sources */,
				2CB6A8782666401C00E70C76 /* AppDelegate.swift in Sources */,
				2CB6A8A62666677300E70C76 /* UIView+Extension.swift in Sources */,
				2CB6A89526664E4900E70C76 /* Post.swift in Sources */,
				2CB6A89A266653E000E70C76 /* PostsListViewModel.swift in Sources */,
				2CB6A898266653CB00E70C76 /* PostsListViewController.swift in Sources */,
				2CB6A88D266645BD00E70C76 /* DataTaskService.swift in Sources */,
				2CB6A8A92666771700E70C76 /* DetailPostViewController.swift in Sources */,
				2CB6A89226664D5500E70C76 /* DatabaseManager.swift in Sources */,
			);
			runOnlyForDeploymentPostprocessing = 0;
		};
/* End PBXSourcesBuildPhase section */

/* Begin PBXVariantGroup section */
		2CB6A8822666402200E70C76 /* LaunchScreen.storyboard */ = {
			isa = PBXVariantGroup;
			children = (
				2CB6A8832666402200E70C76 /* Base */,
			);
			name = LaunchScreen.storyboard;
			sourceTree = "<group>";
		};
/* End PBXVariantGroup section */

/* Begin XCBuildConfiguration section */
		2CB6A8862666402200E70C76 /* Debug */ = {
			isa = XCBuildConfiguration;
			buildSettings = {
				ALWAYS_SEARCH_USER_PATHS = NO;
				CLANG_ANALYZER_NONNULL = YES;
				CLANG_ANALYZER_NUMBER_OBJECT_CONVERSION = YES_AGGRESSIVE;
				CLANG_CXX_LANGUAGE_STANDARD = "gnu++14";
				CLANG_CXX_LIBRARY = "libc++";
				CLANG_ENABLE_MODULES = YES;
				CLANG_ENABLE_OBJC_ARC = YES;
				CLANG_ENABLE_OBJC_WEAK = YES;
				CLANG_WARN_BLOCK_CAPTURE_AUTORELEASING = YES;
				CLANG_WARN_BOOL_CONVERSION = YES;
				CLANG_WARN_COMMA = YES;
				CLANG_WARN_CONSTANT_CONVERSION = YES;
				CLANG_WARN_DEPRECATED_OBJC_IMPLEMENTATIONS = YES;
				CLANG_WARN_DIRECT_OBJC_ISA_USAGE = YES_ERROR;
				CLANG_WARN_DOCUMENTATION_COMMENTS = YES;
				CLANG_WARN_EMPTY_BODY = YES;
				CLANG_WARN_ENUM_CONVERSION = YES;
				CLANG_WARN_INFINITE_RECURSION = YES;
				CLANG_WARN_INT_CONVERSION = YES;
				CLANG_WARN_NON_LITERAL_NULL_CONVERSION = YES;
				CLANG_WARN_OBJC_IMPLICIT_RETAIN_SELF = YES;
				CLANG_WARN_OBJC_LITERAL_CONVERSION = YES;
				CLANG_WARN_OBJC_ROOT_CLASS = YES_ERROR;
				CLANG_WARN_QUOTED_INCLUDE_IN_FRAMEWORK_HEADER = YES;
				CLANG_WARN_RANGE_LOOP_ANALYSIS = YES;
				CLANG_WARN_STRICT_PROTOTYPES = YES;
				CLANG_WARN_SUSPICIOUS_MOVE = YES;
				CLANG_WARN_UNGUARDED_AVAILABILITY = YES_AGGRESSIVE;
				CLANG_WARN_UNREACHABLE_CODE = YES;
				CLANG_WARN__DUPLICATE_METHOD_MATCH = YES;
				COPY_PHASE_STRIP = NO;
				DEBUG_INFORMATION_FORMAT = dwarf;
				ENABLE_STRICT_OBJC_MSGSEND = YES;
				ENABLE_TESTABILITY = YES;
				GCC_C_LANGUAGE_STANDARD = gnu11;
				GCC_DYNAMIC_NO_PIC = NO;
				GCC_NO_COMMON_BLOCKS = YES;
				GCC_OPTIMIZATION_LEVEL = 0;
				GCC_PREPROCESSOR_DEFINITIONS = (
					"DEBUG=1",
					"$(inherited)",
				);
				GCC_WARN_64_TO_32_BIT_CONVERSION = YES;
				GCC_WARN_ABOUT_RETURN_TYPE = YES_ERROR;
				GCC_WARN_UNDECLARED_SELECTOR = YES;
				GCC_WARN_UNINITIALIZED_AUTOS = YES_AGGRESSIVE;
				GCC_WARN_UNUSED_FUNCTION = YES;
				GCC_WARN_UNUSED_VARIABLE = YES;
				IPHONEOS_DEPLOYMENT_TARGET = 14.5;
				MTL_ENABLE_DEBUG_INFO = INCLUDE_SOURCE;
				MTL_FAST_MATH = YES;
				ONLY_ACTIVE_ARCH = YES;
				SDKROOT = iphoneos;
				SWIFT_ACTIVE_COMPILATION_CONDITIONS = DEBUG;
				SWIFT_OPTIMIZATION_LEVEL = "-Onone";
			};
			name = Debug;
		};
		2CB6A8872666402200E70C76 /* Release */ = {
			isa = XCBuildConfiguration;
			buildSettings = {
				ALWAYS_SEARCH_USER_PATHS = NO;
				CLANG_ANALYZER_NONNULL = YES;
				CLANG_ANALYZER_NUMBER_OBJECT_CONVERSION = YES_AGGRESSIVE;
				CLANG_CXX_LANGUAGE_STANDARD = "gnu++14";
				CLANG_CXX_LIBRARY = "libc++";
				CLANG_ENABLE_MODULES = YES;
				CLANG_ENABLE_OBJC_ARC = YES;
				CLANG_ENABLE_OBJC_WEAK = YES;
				CLANG_WARN_BLOCK_CAPTURE_AUTORELEASING = YES;
				CLANG_WARN_BOOL_CONVERSION = YES;
				CLANG_WARN_COMMA = YES;
				CLANG_WARN_CONSTANT_CONVERSION = YES;
				CLANG_WARN_DEPRECATED_OBJC_IMPLEMENTATIONS = YES;
				CLANG_WARN_DIRECT_OBJC_ISA_USAGE = YES_ERROR;
				CLANG_WARN_DOCUMENTATION_COMMENTS = YES;
				CLANG_WARN_EMPTY_BODY = YES;
				CLANG_WARN_ENUM_CONVERSION = YES;
				CLANG_WARN_INFINITE_RECURSION = YES;
				CLANG_WARN_INT_CONVERSION = YES;
				CLANG_WARN_NON_LITERAL_NULL_CONVERSION = YES;
				CLANG_WARN_OBJC_IMPLICIT_RETAIN_SELF = YES;
				CLANG_WARN_OBJC_LITERAL_CONVERSION = YES;
				CLANG_WARN_OBJC_ROOT_CLASS = YES_ERROR;
				CLANG_WARN_QUOTED_INCLUDE_IN_FRAMEWORK_HEADER = YES;
				CLANG_WARN_RANGE_LOOP_ANALYSIS = YES;
				CLANG_WARN_STRICT_PROTOTYPES = YES;
				CLANG_WARN_SUSPICIOUS_MOVE = YES;
				CLANG_WARN_UNGUARDED_AVAILABILITY = YES_AGGRESSIVE;
				CLANG_WARN_UNREACHABLE_CODE = YES;
				CLANG_WARN__DUPLICATE_METHOD_MATCH = YES;
				COPY_PHASE_STRIP = NO;
				DEBUG_INFORMATION_FORMAT = "dwarf-with-dsym";
				ENABLE_NS_ASSERTIONS = NO;
				ENABLE_STRICT_OBJC_MSGSEND = YES;
				GCC_C_LANGUAGE_STANDARD = gnu11;
				GCC_NO_COMMON_BLOCKS = YES;
				GCC_WARN_64_TO_32_BIT_CONVERSION = YES;
				GCC_WARN_ABOUT_RETURN_TYPE = YES_ERROR;
				GCC_WARN_UNDECLARED_SELECTOR = YES;
				GCC_WARN_UNINITIALIZED_AUTOS = YES_AGGRESSIVE;
				GCC_WARN_UNUSED_FUNCTION = YES;
				GCC_WARN_UNUSED_VARIABLE = YES;
				IPHONEOS_DEPLOYMENT_TARGET = 14.5;
				MTL_ENABLE_DEBUG_INFO = NO;
				MTL_FAST_MATH = YES;
				SDKROOT = iphoneos;
				SWIFT_COMPILATION_MODE = wholemodule;
				SWIFT_OPTIMIZATION_LEVEL = "-O";
				VALIDATE_PRODUCT = YES;
			};
			name = Release;
		};
		2CB6A8892666402200E70C76 /* Debug */ = {
			isa = XCBuildConfiguration;
			buildSettings = {
				ASSETCATALOG_COMPILER_APPICON_NAME = AppIcon;
				ASSETCATALOG_COMPILER_GLOBAL_ACCENT_COLOR_NAME = AccentColor;
				CODE_SIGN_STYLE = Automatic;
				DEVELOPMENT_TEAM = YF7B94KF69;
				INFOPLIST_FILE = DatabaseTestTask/Info.plist;
				LD_RUNPATH_SEARCH_PATHS = (
					"$(inherited)",
					"@executable_path/Frameworks",
				);
				PRODUCT_BUNDLE_IDENTIFIER = "-.DatabaseTestTask";
				PRODUCT_NAME = "$(TARGET_NAME)";
				SWIFT_VERSION = 5.0;
				TARGETED_DEVICE_FAMILY = "1,2";
			};
			name = Debug;
		};
		2CB6A88A2666402200E70C76 /* Release */ = {
			isa = XCBuildConfiguration;
			buildSettings = {
				ASSETCATALOG_COMPILER_APPICON_NAME = AppIcon;
				ASSETCATALOG_COMPILER_GLOBAL_ACCENT_COLOR_NAME = AccentColor;
				CODE_SIGN_STYLE = Automatic;
				DEVELOPMENT_TEAM = YF7B94KF69;
				INFOPLIST_FILE = DatabaseTestTask/Info.plist;
				LD_RUNPATH_SEARCH_PATHS = (
					"$(inherited)",
					"@executable_path/Frameworks",
				);
				PRODUCT_BUNDLE_IDENTIFIER = "-.DatabaseTestTask";
				PRODUCT_NAME = "$(TARGET_NAME)";
				SWIFT_VERSION = 5.0;
				TARGETED_DEVICE_FAMILY = "1,2";
			};
			name = Release;
		};
/* End XCBuildConfiguration section */

/* Begin XCConfigurationList section */
		2CB6A86F2666401C00E70C76 /* Build configuration list for PBXProject "DatabaseTestTask" */ = {
			isa = XCConfigurationList;
			buildConfigurations = (
				2CB6A8862666402200E70C76 /* Debug */,
				2CB6A8872666402200E70C76 /* Release */,
			);
			defaultConfigurationIsVisible = 0;
			defaultConfigurationName = Release;
		};
		2CB6A8882666402200E70C76 /* Build configuration list for PBXNativeTarget "DatabaseTestTask" */ = {
			isa = XCConfigurationList;
			buildConfigurations = (
				2CB6A8892666402200E70C76 /* Debug */,
				2CB6A88A2666402200E70C76 /* Release */,
			);
			defaultConfigurationIsVisible = 0;
			defaultConfigurationName = Release;
		};
/* End XCConfigurationList section */
	};
	rootObject = 2CB6A86C2666401C00E70C76 /* Project object */;
}
